{
  "name": "Emoji renamer",
  "lockfileVersion": 3,
  "requires": true,
  "packages": {
    "": {
      "dependencies": {
        "openmoji": "^14.0.0"
      }
    },
    "node_modules/openmoji": {
      "version": "14.0.0",
      "resolved": "https://registry.npmjs.org/openmoji/-/openmoji-14.0.0.tgz",
      "integrity": "sha512-MGF9GbXfpULuRtUM1srEv2OP3sg/e8hAw0UCTiP+N3+CX38RCo8/kjyFYm0eO+OENnbbri9Vx4m5pU0Vbc7LGw=="
    }
  }
}
